
Microsoft Visual Studio Solution File, Format Version 12.00
# Visual Studio Version 17
VisualStudioVersion = 17.11.35327.3
MinimumVisualStudioVersion = 10.0.40219.1
Project("{8BC9CEB8-8B4A-11D0-8D11-00A0C91BC942}") = "uas1", "uas1\uas1.vcxproj", "{8EE0F14B-3E4A-4122-B7C5-D7173971BABF}"
EndProject
Global
	GlobalSection(SolutionConfigurationPlatforms) = preSolution
		Debug|x64 = Debug|x64
		Debug|x86 = Debug|x86
		Release|x64 = Release|x64
		Release|x86 = Release|x86
	EndGlobalSection
	GlobalSection(ProjectConfigurationPlatforms) = postSolution
		{8EE0F14B-3E4A-4122-B7C5-D7173971BABF}.Debug|x64.ActiveCfg = Debug|x64
		{8EE0F14B-3E4A-4122-B7C5-D7173971BABF}.Debug|x64.Build.0 = Debug|x64
		{8EE0F14B-3E4A-4122-B7C5-D7173971BABF}.Debug|x86.ActiveCfg = Debug|Win32
		{8EE0F14B-3E4A-4122-B7C5-D7173971BABF}.Debug|x86.Build.0 = Debug|Win32
		{8EE0F14B-3E4A-4122-B7C5-D7173971BABF}.Release|x64.ActiveCfg = Release|x64
		{8EE0F14B-3E4A-4122-B7C5-D7173971BABF}.Release|x64.Build.0 = Release|x64
		{8EE0F14B-3E4A-4122-B7C5-D7173971BABF}.Release|x86.ActiveCfg = Release|Win32
		{8EE0F14B-3E4A-4122-B7C5-D7173971BABF}.Release|x86.Build.0 = Release|Win32
	EndGlobalSection
	GlobalSection(SolutionProperties) = preSolution
		HideSolutionNode = FALSE
	EndGlobalSection
	GlobalSection(ExtensibilityGlobals) = postSolution
		SolutionGuid = {F8065001-6C5F-445B-8C4F-FCCB15C1EB6E}
	EndGlobalSection
EndGlobal
